// !$*UTF8*$!
{
	archiveVersion = 1;
	classes = {
	};
	objectVersion = 46;
	objects = {

/* Begin PBXBuildFile section */
		182F63A92AE48B945B8D4C2F /* Pods_MarvelBrowser.framework in Frameworks */ = {isa = PBXBuildFile; fileRef = 72E266D548679F71FCDDCCC8 /* Pods_MarvelBrowser.framework */; };
		91CA41ACF8B7EA7C77DC9952 /* Pods_MarvelBrowserTests.framework in Frameworks */ = {isa = PBXBuildFile; fileRef = C187F2176669A40086A71441 /* Pods_MarvelBrowserTests.framework */; };
		B669CC2A1F0F9E3B00B80B93 /* AppDelegate.swift in Sources */ = {isa = PBXBuildFile; fileRef = B669CC291F0F9E3B00B80B93 /* AppDelegate.swift */; };
		B669CC2C1F0F9E3B00B80B93 /* Assets.xcassets in Resources */ = {isa = PBXBuildFile; fileRef = B669CC2B1F0F9E3B00B80B93 /* Assets.xcassets */; };
		B669CC2F1F0F9E3B00B80B93 /* LaunchScreen.storyboard in Resources */ = {isa = PBXBuildFile; fileRef = B669CC2D1F0F9E3B00B80B93 /* LaunchScreen.storyboard */; };
		B669CC451F103BDD00B80B93 /* ImageAsset.swift in Sources */ = {isa = PBXBuildFile; fileRef = B669CC441F103BDD00B80B93 /* ImageAsset.swift */; };
		B669CC471F103C1600B80B93 /* MarvelCharacter.swift in Sources */ = {isa = PBXBuildFile; fileRef = B669CC461F103C1600B80B93 /* MarvelCharacter.swift */; };
		B669CC491F103D2400B80B93 /* ImageAssetJSONParsingTests.swift in Sources */ = {isa = PBXBuildFile; fileRef = B669CC481F103D2400B80B93 /* ImageAssetJSONParsingTests.swift */; };
		B669CC4B1F103D5500B80B93 /* imageAsset.json in Resources */ = {isa = PBXBuildFile; fileRef = B669CC4A1F103D5500B80B93 /* imageAsset.json */; };
		B669CC4D1F103DDC00B80B93 /* XCTestCase+LoadExtension.swift in Sources */ = {isa = PBXBuildFile; fileRef = B669CC4C1F103DDC00B80B93 /* XCTestCase+LoadExtension.swift */; };
		B669CC4F1F1044B800B80B93 /* character.json in Resources */ = {isa = PBXBuildFile; fileRef = B669CC4E1F1044B800B80B93 /* character.json */; };
		B669CC511F1045A900B80B93 /* MarvelCharacterJSONParsingTest.swift in Sources */ = {isa = PBXBuildFile; fileRef = B669CC501F1045A900B80B93 /* MarvelCharacterJSONParsingTest.swift */; };
		B67663C01F157A6A00999726 /* DiffedList.swift in Sources */ = {isa = PBXBuildFile; fileRef = B67663BF1F157A6A00999726 /* DiffedList.swift */; };
		B6A6B7E51F126050009267EB /* String+MD5Hash.swift in Sources */ = {isa = PBXBuildFile; fileRef = B6A6B7E41F126050009267EB /* String+MD5Hash.swift */; };
		B6A6B7E81F1260B1009267EB /* StringMD5Tests.swift in Sources */ = {isa = PBXBuildFile; fileRef = B6A6B7E71F1260B1009267EB /* StringMD5Tests.swift */; };
		B6A6B7EA1F126786009267EB /* MarvelRequestFactory.swift in Sources */ = {isa = PBXBuildFile; fileRef = B6A6B7E91F126786009267EB /* MarvelRequestFactory.swift */; };
		B6A6B7EC1F126A24009267EB /* MarvelRequestFactoryTests.swift in Sources */ = {isa = PBXBuildFile; fileRef = B6A6B7EB1F126A24009267EB /* MarvelRequestFactoryTests.swift */; };
		B6A6B7EF1F126F8C009267EB /* Data+ToJSON.swift in Sources */ = {isa = PBXBuildFile; fileRef = B6A6B7EE1F126F8C009267EB /* Data+ToJSON.swift */; };
		B6A6B7F41F1270B1009267EB /* Config.swift in Sources */ = {isa = PBXBuildFile; fileRef = B6A6B7F31F1270B1009267EB /* Config.swift */; };
		B6A6B7F91F127FBC009267EB /* MarvelCharactersListItem.swift in Sources */ = {isa = PBXBuildFile; fileRef = B6A6B7F81F127FBC009267EB /* MarvelCharactersListItem.swift */; };
		B6A6B8041F12D5DE009267EB /* MarvelCharactersCachingDataSource.swift in Sources */ = {isa = PBXBuildFile; fileRef = B6A6B8031F12D5DE009267EB /* MarvelCharactersCachingDataSource.swift */; };
		B6A6B8071F13DB35009267EB /* MarvelCharactersListViewTests.swift in Sources */ = {isa = PBXBuildFile; fileRef = B6A6B8061F13DB35009267EB /* MarvelCharactersListViewTests.swift */; };
		B6A6B80B1F13F367009267EB /* LoadingErrorView.swift in Sources */ = {isa = PBXBuildFile; fileRef = B6A6B80A1F13F367009267EB /* LoadingErrorView.swift */; };
		B6A6B80D1F13F5E0009267EB /* UIColor+AppColors.swift in Sources */ = {isa = PBXBuildFile; fileRef = B6A6B80C1F13F5E0009267EB /* UIColor+AppColors.swift */; };
		B6A6B80F1F13F6C2009267EB /* LoadingErrorViewSnapshotTests.swift in Sources */ = {isa = PBXBuildFile; fileRef = B6A6B80E1F13F6C2009267EB /* LoadingErrorViewSnapshotTests.swift */; };
		B6A6B8111F13FC7E009267EB /* MarvelCharactersList+EasyInit.swift in Sources */ = {isa = PBXBuildFile; fileRef = B6A6B8101F13FC7E009267EB /* MarvelCharactersList+EasyInit.swift */; };
		B6A6B8131F140935009267EB /* CGFloat+LayoutConstants.swift in Sources */ = {isa = PBXBuildFile; fileRef = B6A6B8121F140935009267EB /* CGFloat+LayoutConstants.swift */; };
		B6BC4AA41F104DED000AD03E /* MarvelCharactersResponseJSONParsingTests.swift in Sources */ = {isa = PBXBuildFile; fileRef = B6BC4AA31F104DED000AD03E /* MarvelCharactersResponseJSONParsingTests.swift */; };
		B6BC4AA61F104E20000AD03E /* MarvelCharactersResponse.swift in Sources */ = {isa = PBXBuildFile; fileRef = B6BC4AA51F104E20000AD03E /* MarvelCharactersResponse.swift */; };
		B6BC4AA81F104EBC000AD03E /* charactersResponse.json in Resources */ = {isa = PBXBuildFile; fileRef = B6BC4AA71F104EBC000AD03E /* charactersResponse.json */; };
		B6BC4AAB1F105067000AD03E /* Unboxer+JSONInitExtension.swift in Sources */ = {isa = PBXBuildFile; fileRef = B6BC4AAA1F105067000AD03E /* Unboxer+JSONInitExtension.swift */; };
		B6C0DFBA1F12251C00647411 /* UnitTestEnvironment.swift in Sources */ = {isa = PBXBuildFile; fileRef = B6C0DFB91F12251C00647411 /* UnitTestEnvironment.swift */; };
		B6C0DFBC1F12293500647411 /* MarvelCharactersUseCase.swift in Sources */ = {isa = PBXBuildFile; fileRef = B6C0DFBB1F12293500647411 /* MarvelCharactersUseCase.swift */; };
		B6C0DFC01F122C6F00647411 /* LoadingMoreView.swift in Sources */ = {isa = PBXBuildFile; fileRef = B6C0DFBF1F122C6F00647411 /* LoadingMoreView.swift */; };
		B6C0DFC21F123DAB00647411 /* MarvelCharactersList.swift in Sources */ = {isa = PBXBuildFile; fileRef = B6C0DFC11F123DAB00647411 /* MarvelCharactersList.swift */; };
		B6C0DFC61F12456A00647411 /* MarvelCharactersDataSource.swift in Sources */ = {isa = PBXBuildFile; fileRef = B6C0DFC51F12456A00647411 /* MarvelCharactersDataSource.swift */; };
		B6C0DFC81F1246A800647411 /* MarvelCharactersUseCaseTests.swift in Sources */ = {isa = PBXBuildFile; fileRef = B6C0DFC71F1246A800647411 /* MarvelCharactersUseCaseTests.swift */; };
		B6E0F4AE1F141EDE008771D2 /* MarvelCharactersListViewNavigator.swift in Sources */ = {isa = PBXBuildFile; fileRef = B6E0F4AD1F141EDE008771D2 /* MarvelCharactersListViewNavigator.swift */; };
		B6E0F4B31F1428A1008771D2 /* Localizable.strings in Resources */ = {isa = PBXBuildFile; fileRef = B6E0F4B21F1428A1008771D2 /* Localizable.strings */; };
		B6E0F4B71F142A43008771D2 /* L10n.swift in Sources */ = {isa = PBXBuildFile; fileRef = B6E0F4B51F142A43008771D2 /* L10n.swift */; };
		B6E0F4B81F142A43008771D2 /* Assets.swift in Sources */ = {isa = PBXBuildFile; fileRef = B6E0F4B61F142A43008771D2 /* Assets.swift */; };
		B6F38CE51F10D12A000A5BA8 /* MockImageService.swift in Sources */ = {isa = PBXBuildFile; fileRef = B6F38CE41F10D12A000A5BA8 /* MockImageService.swift */; };
		B6F38CE71F10D161000A5BA8 /* ImageService.swift in Sources */ = {isa = PBXBuildFile; fileRef = B6F38CE61F10D161000A5BA8 /* ImageService.swift */; };
		B6F38CE91F10D223000A5BA8 /* URLImageViewSnapshotTests.swift in Sources */ = {isa = PBXBuildFile; fileRef = B6F38CE81F10D223000A5BA8 /* URLImageViewSnapshotTests.swift */; };
		B6F38CEB1F10D22B000A5BA8 /* aim.jpg in Resources */ = {isa = PBXBuildFile; fileRef = B6F38CEA1F10D22B000A5BA8 /* aim.jpg */; };
		B6F38CED1F10D237000A5BA8 /* URLImageView.swift in Sources */ = {isa = PBXBuildFile; fileRef = B6F38CEC1F10D237000A5BA8 /* URLImageView.swift */; };
		B6F38CFD1F10D7E9000A5BA8 /* MarvelCharacterView.swift in Sources */ = {isa = PBXBuildFile; fileRef = B6F38CFC1F10D7E9000A5BA8 /* MarvelCharacterView.swift */; };
		B6F38D011F10D96D000A5BA8 /* MarvelCharacterViewSnapshotTests.swift in Sources */ = {isa = PBXBuildFile; fileRef = B6F38D001F10D96D000A5BA8 /* MarvelCharacterViewSnapshotTests.swift */; };
		B6F38D031F10ED52000A5BA8 /* RecordSnapshots.swift in Sources */ = {isa = PBXBuildFile; fileRef = B6F38D021F10ED52000A5BA8 /* RecordSnapshots.swift */; };
		B6F38D051F10EE6F000A5BA8 /* MarvelCharactersAdapter.swift in Sources */ = {isa = PBXBuildFile; fileRef = B6F38D041F10EE6F000A5BA8 /* MarvelCharactersAdapter.swift */; };
		B6F38D071F10EED6000A5BA8 /* UITableView+DequeueAndRegister.swift in Sources */ = {isa = PBXBuildFile; fileRef = B6F38D061F10EED6000A5BA8 /* UITableView+DequeueAndRegister.swift */; };
		B6F38D091F10F221000A5BA8 /* MarvelCharactersAdapterTests.swift in Sources */ = {isa = PBXBuildFile; fileRef = B6F38D081F10F221000A5BA8 /* MarvelCharactersAdapterTests.swift */; };
		B6F38D0B1F10F6B2000A5BA8 /* MarvelCharactersListView.swift in Sources */ = {isa = PBXBuildFile; fileRef = B6F38D0A1F10F6B2000A5BA8 /* MarvelCharactersListView.swift */; };
		B6F38D0D1F11477A000A5BA8 /* MarvelCharactersListViewSnapshotTests.swift in Sources */ = {isa = PBXBuildFile; fileRef = B6F38D0C1F11477A000A5BA8 /* MarvelCharactersListViewSnapshotTests.swift */; };
		B6F38D0F1F1156E2000A5BA8 /* MarvelCharactersListViewController.swift in Sources */ = {isa = PBXBuildFile; fileRef = B6F38D0E1F1156E2000A5BA8 /* MarvelCharactersListViewController.swift */; };
		B6F38D121F115A72000A5BA8 /* charactersResponse.json in Resources */ = {isa = PBXBuildFile; fileRef = B6BC4AA71F104EBC000AD03E /* charactersResponse.json */; };
/* End PBXBuildFile section */

/* Begin PBXContainerItemProxy section */
		B669CC361F0F9E3B00B80B93 /* PBXContainerItemProxy */ = {
			isa = PBXContainerItemProxy;
			containerPortal = B669CC1E1F0F9E3B00B80B93 /* Project object */;
			proxyType = 1;
			remoteGlobalIDString = B669CC251F0F9E3B00B80B93;
			remoteInfo = MarvelBrowser;
		};
/* End PBXContainerItemProxy section */

/* Begin PBXFileReference section */
		72E266D548679F71FCDDCCC8 /* Pods_MarvelBrowser.framework */ = {isa = PBXFileReference; explicitFileType = wrapper.framework; includeInIndex = 0; path = Pods_MarvelBrowser.framework; sourceTree = BUILT_PRODUCTS_DIR; };
		9E4463C9D695E7B7DA41FF5E /* Pods-MarvelBrowser.release.xcconfig */ = {isa = PBXFileReference; includeInIndex = 1; lastKnownFileType = text.xcconfig; name = "Pods-MarvelBrowser.release.xcconfig"; path = "Pods/Target Support Files/Pods-MarvelBrowser/Pods-MarvelBrowser.release.xcconfig"; sourceTree = "<group>"; };
		B669CC261F0F9E3B00B80B93 /* MarvelBrowser.app */ = {isa = PBXFileReference; explicitFileType = wrapper.application; includeInIndex = 0; path = MarvelBrowser.app; sourceTree = BUILT_PRODUCTS_DIR; };
		B669CC291F0F9E3B00B80B93 /* AppDelegate.swift */ = {isa = PBXFileReference; lastKnownFileType = sourcecode.swift; path = AppDelegate.swift; sourceTree = "<group>"; };
		B669CC2B1F0F9E3B00B80B93 /* Assets.xcassets */ = {isa = PBXFileReference; lastKnownFileType = folder.assetcatalog; path = Assets.xcassets; sourceTree = "<group>"; };
		B669CC2E1F0F9E3B00B80B93 /* Base */ = {isa = PBXFileReference; lastKnownFileType = file.storyboard; name = Base; path = Base.lproj/LaunchScreen.storyboard; sourceTree = "<group>"; };
		B669CC301F0F9E3B00B80B93 /* Info.plist */ = {isa = PBXFileReference; lastKnownFileType = text.plist.xml; path = Info.plist; sourceTree = "<group>"; };
		B669CC351F0F9E3B00B80B93 /* MarvelBrowserTests.xctest */ = {isa = PBXFileReference; explicitFileType = wrapper.cfbundle; includeInIndex = 0; path = MarvelBrowserTests.xctest; sourceTree = BUILT_PRODUCTS_DIR; };
		B669CC391F0F9E3B00B80B93 /* Info.plist */ = {isa = PBXFileReference; lastKnownFileType = text.plist.xml; path = Info.plist; sourceTree = "<group>"; };
		B669CC441F103BDD00B80B93 /* ImageAsset.swift */ = {isa = PBXFileReference; fileEncoding = 4; lastKnownFileType = sourcecode.swift; path = ImageAsset.swift; sourceTree = "<group>"; };
		B669CC461F103C1600B80B93 /* MarvelCharacter.swift */ = {isa = PBXFileReference; fileEncoding = 4; lastKnownFileType = sourcecode.swift; path = MarvelCharacter.swift; sourceTree = "<group>"; };
		B669CC481F103D2400B80B93 /* ImageAssetJSONParsingTests.swift */ = {isa = PBXFileReference; fileEncoding = 4; lastKnownFileType = sourcecode.swift; path = ImageAssetJSONParsingTests.swift; sourceTree = "<group>"; };
		B669CC4A1F103D5500B80B93 /* imageAsset.json */ = {isa = PBXFileReference; fileEncoding = 4; lastKnownFileType = text.json; path = imageAsset.json; sourceTree = "<group>"; };
		B669CC4C1F103DDC00B80B93 /* XCTestCase+LoadExtension.swift */ = {isa = PBXFileReference; fileEncoding = 4; lastKnownFileType = sourcecode.swift; path = "XCTestCase+LoadExtension.swift"; sourceTree = "<group>"; };
		B669CC4E1F1044B800B80B93 /* character.json */ = {isa = PBXFileReference; fileEncoding = 4; lastKnownFileType = text.json; path = character.json; sourceTree = "<group>"; };
		B669CC501F1045A900B80B93 /* MarvelCharacterJSONParsingTest.swift */ = {isa = PBXFileReference; fileEncoding = 4; lastKnownFileType = sourcecode.swift; path = MarvelCharacterJSONParsingTest.swift; sourceTree = "<group>"; };
		B67663BF1F157A6A00999726 /* DiffedList.swift */ = {isa = PBXFileReference; fileEncoding = 4; lastKnownFileType = sourcecode.swift; path = DiffedList.swift; sourceTree = "<group>"; };
		B6A6B7E41F126050009267EB /* String+MD5Hash.swift */ = {isa = PBXFileReference; fileEncoding = 4; lastKnownFileType = sourcecode.swift; path = "String+MD5Hash.swift"; sourceTree = "<group>"; };
		B6A6B7E71F1260B1009267EB /* StringMD5Tests.swift */ = {isa = PBXFileReference; fileEncoding = 4; lastKnownFileType = sourcecode.swift; path = StringMD5Tests.swift; sourceTree = "<group>"; };
		B6A6B7E91F126786009267EB /* MarvelRequestFactory.swift */ = {isa = PBXFileReference; fileEncoding = 4; lastKnownFileType = sourcecode.swift; path = MarvelRequestFactory.swift; sourceTree = "<group>"; };
		B6A6B7EB1F126A24009267EB /* MarvelRequestFactoryTests.swift */ = {isa = PBXFileReference; fileEncoding = 4; lastKnownFileType = sourcecode.swift; path = MarvelRequestFactoryTests.swift; sourceTree = "<group>"; };
		B6A6B7EE1F126F8C009267EB /* Data+ToJSON.swift */ = {isa = PBXFileReference; fileEncoding = 4; lastKnownFileType = sourcecode.swift; path = "Data+ToJSON.swift"; sourceTree = "<group>"; };
		B6A6B7F31F1270B1009267EB /* Config.swift */ = {isa = PBXFileReference; fileEncoding = 4; lastKnownFileType = sourcecode.swift; path = Config.swift; sourceTree = "<group>"; };
		B6A6B7F81F127FBC009267EB /* MarvelCharactersListItem.swift */ = {isa = PBXFileReference; fileEncoding = 4; lastKnownFileType = sourcecode.swift; path = MarvelCharactersListItem.swift; sourceTree = "<group>"; };
		B6A6B8031F12D5DE009267EB /* MarvelCharactersCachingDataSource.swift */ = {isa = PBXFileReference; fileEncoding = 4; lastKnownFileType = sourcecode.swift; path = MarvelCharactersCachingDataSource.swift; sourceTree = "<group>"; };
		B6A6B8061F13DB35009267EB /* MarvelCharactersListViewTests.swift */ = {isa = PBXFileReference; fileEncoding = 4; lastKnownFileType = sourcecode.swift; path = MarvelCharactersListViewTests.swift; sourceTree = "<group>"; };
		B6A6B80A1F13F367009267EB /* LoadingErrorView.swift */ = {isa = PBXFileReference; fileEncoding = 4; lastKnownFileType = sourcecode.swift; path = LoadingErrorView.swift; sourceTree = "<group>"; };
		B6A6B80C1F13F5E0009267EB /* UIColor+AppColors.swift */ = {isa = PBXFileReference; fileEncoding = 4; lastKnownFileType = sourcecode.swift; path = "UIColor+AppColors.swift"; sourceTree = "<group>"; };
		B6A6B80E1F13F6C2009267EB /* LoadingErrorViewSnapshotTests.swift */ = {isa = PBXFileReference; fileEncoding = 4; lastKnownFileType = sourcecode.swift; path = LoadingErrorViewSnapshotTests.swift; sourceTree = "<group>"; };
		B6A6B8101F13FC7E009267EB /* MarvelCharactersList+EasyInit.swift */ = {isa = PBXFileReference; fileEncoding = 4; lastKnownFileType = sourcecode.swift; path = "MarvelCharactersList+EasyInit.swift"; sourceTree = "<group>"; };
		B6A6B8121F140935009267EB /* CGFloat+LayoutConstants.swift */ = {isa = PBXFileReference; fileEncoding = 4; lastKnownFileType = sourcecode.swift; path = "CGFloat+LayoutConstants.swift"; sourceTree = "<group>"; };
		B6BC4AA31F104DED000AD03E /* MarvelCharactersResponseJSONParsingTests.swift */ = {isa = PBXFileReference; fileEncoding = 4; lastKnownFileType = sourcecode.swift; path = MarvelCharactersResponseJSONParsingTests.swift; sourceTree = "<group>"; };
		B6BC4AA51F104E20000AD03E /* MarvelCharactersResponse.swift */ = {isa = PBXFileReference; fileEncoding = 4; lastKnownFileType = sourcecode.swift; path = MarvelCharactersResponse.swift; sourceTree = "<group>"; };
		B6BC4AA71F104EBC000AD03E /* charactersResponse.json */ = {isa = PBXFileReference; fileEncoding = 4; lastKnownFileType = text.json; path = charactersResponse.json; sourceTree = "<group>"; };
		B6BC4AAA1F105067000AD03E /* Unboxer+JSONInitExtension.swift */ = {isa = PBXFileReference; fileEncoding = 4; lastKnownFileType = sourcecode.swift; path = "Unboxer+JSONInitExtension.swift"; sourceTree = "<group>"; };
		B6C0DFB91F12251C00647411 /* UnitTestEnvironment.swift */ = {isa = PBXFileReference; fileEncoding = 4; lastKnownFileType = sourcecode.swift; path = UnitTestEnvironment.swift; sourceTree = "<group>"; };
		B6C0DFBB1F12293500647411 /* MarvelCharactersUseCase.swift */ = {isa = PBXFileReference; fileEncoding = 4; lastKnownFileType = sourcecode.swift; path = MarvelCharactersUseCase.swift; sourceTree = "<group>"; };
		B6C0DFBF1F122C6F00647411 /* LoadingMoreView.swift */ = {isa = PBXFileReference; fileEncoding = 4; lastKnownFileType = sourcecode.swift; path = LoadingMoreView.swift; sourceTree = "<group>"; };
		B6C0DFC11F123DAB00647411 /* MarvelCharactersList.swift */ = {isa = PBXFileReference; fileEncoding = 4; lastKnownFileType = sourcecode.swift; path = MarvelCharactersList.swift; sourceTree = "<group>"; };
		B6C0DFC51F12456A00647411 /* MarvelCharactersDataSource.swift */ = {isa = PBXFileReference; fileEncoding = 4; lastKnownFileType = sourcecode.swift; path = MarvelCharactersDataSource.swift; sourceTree = "<group>"; };
		B6C0DFC71F1246A800647411 /* MarvelCharactersUseCaseTests.swift */ = {isa = PBXFileReference; fileEncoding = 4; lastKnownFileType = sourcecode.swift; path = MarvelCharactersUseCaseTests.swift; sourceTree = "<group>"; };
		B6C0DFC91F12589400647411 /* Bridging-Header.h */ = {isa = PBXFileReference; lastKnownFileType = sourcecode.c.h; path = "Bridging-Header.h"; sourceTree = "<group>"; };
		B6E0F4AD1F141EDE008771D2 /* MarvelCharactersListViewNavigator.swift */ = {isa = PBXFileReference; fileEncoding = 4; lastKnownFileType = sourcecode.swift; path = MarvelCharactersListViewNavigator.swift; sourceTree = "<group>"; };
		B6E0F4B21F1428A1008771D2 /* Localizable.strings */ = {isa = PBXFileReference; fileEncoding = 4; lastKnownFileType = text.plist.strings; path = Localizable.strings; sourceTree = "<group>"; };
		B6E0F4B51F142A43008771D2 /* L10n.swift */ = {isa = PBXFileReference; fileEncoding = 4; lastKnownFileType = sourcecode.swift; path = L10n.swift; sourceTree = "<group>"; };
		B6E0F4B61F142A43008771D2 /* Assets.swift */ = {isa = PBXFileReference; fileEncoding = 4; lastKnownFileType = sourcecode.swift; path = Assets.swift; sourceTree = "<group>"; };
		B6F38CE41F10D12A000A5BA8 /* MockImageService.swift */ = {isa = PBXFileReference; fileEncoding = 4; lastKnownFileType = sourcecode.swift; path = MockImageService.swift; sourceTree = "<group>"; };
		B6F38CE61F10D161000A5BA8 /* ImageService.swift */ = {isa = PBXFileReference; fileEncoding = 4; lastKnownFileType = sourcecode.swift; path = ImageService.swift; sourceTree = "<group>"; };
		B6F38CE81F10D223000A5BA8 /* URLImageViewSnapshotTests.swift */ = {isa = PBXFileReference; fileEncoding = 4; lastKnownFileType = sourcecode.swift; path = URLImageViewSnapshotTests.swift; sourceTree = "<group>"; };
		B6F38CEA1F10D22B000A5BA8 /* aim.jpg */ = {isa = PBXFileReference; lastKnownFileType = image.jpeg; path = aim.jpg; sourceTree = "<group>"; };
		B6F38CEC1F10D237000A5BA8 /* URLImageView.swift */ = {isa = PBXFileReference; fileEncoding = 4; lastKnownFileType = sourcecode.swift; path = URLImageView.swift; sourceTree = "<group>"; };
		B6F38CFC1F10D7E9000A5BA8 /* MarvelCharacterView.swift */ = {isa = PBXFileReference; fileEncoding = 4; lastKnownFileType = sourcecode.swift; path = MarvelCharacterView.swift; sourceTree = "<group>"; };
		B6F38D001F10D96D000A5BA8 /* MarvelCharacterViewSnapshotTests.swift */ = {isa = PBXFileReference; fileEncoding = 4; lastKnownFileType = sourcecode.swift; path = MarvelCharacterViewSnapshotTests.swift; sourceTree = "<group>"; };
		B6F38D021F10ED52000A5BA8 /* RecordSnapshots.swift */ = {isa = PBXFileReference; fileEncoding = 4; lastKnownFileType = sourcecode.swift; path = RecordSnapshots.swift; sourceTree = "<group>"; };
		B6F38D041F10EE6F000A5BA8 /* MarvelCharactersAdapter.swift */ = {isa = PBXFileReference; fileEncoding = 4; lastKnownFileType = sourcecode.swift; path = MarvelCharactersAdapter.swift; sourceTree = "<group>"; };
		B6F38D061F10EED6000A5BA8 /* UITableView+DequeueAndRegister.swift */ = {isa = PBXFileReference; fileEncoding = 4; lastKnownFileType = sourcecode.swift; path = "UITableView+DequeueAndRegister.swift"; sourceTree = "<group>"; };
		B6F38D081F10F221000A5BA8 /* MarvelCharactersAdapterTests.swift */ = {isa = PBXFileReference; fileEncoding = 4; lastKnownFileType = sourcecode.swift; path = MarvelCharactersAdapterTests.swift; sourceTree = "<group>"; };
		B6F38D0A1F10F6B2000A5BA8 /* MarvelCharactersListView.swift */ = {isa = PBXFileReference; fileEncoding = 4; lastKnownFileType = sourcecode.swift; path = MarvelCharactersListView.swift; sourceTree = "<group>"; };
		B6F38D0C1F11477A000A5BA8 /* MarvelCharactersListViewSnapshotTests.swift */ = {isa = PBXFileReference; fileEncoding = 4; lastKnownFileType = sourcecode.swift; path = MarvelCharactersListViewSnapshotTests.swift; sourceTree = "<group>"; };
		B6F38D0E1F1156E2000A5BA8 /* MarvelCharactersListViewController.swift */ = {isa = PBXFileReference; fileEncoding = 4; lastKnownFileType = sourcecode.swift; path = MarvelCharactersListViewController.swift; sourceTree = "<group>"; };
		C187F2176669A40086A71441 /* Pods_MarvelBrowserTests.framework */ = {isa = PBXFileReference; explicitFileType = wrapper.framework; includeInIndex = 0; path = Pods_MarvelBrowserTests.framework; sourceTree = BUILT_PRODUCTS_DIR; };
		C2A325ABC4CB2AF9206AA431 /* Pods-MarvelBrowser.debug.xcconfig */ = {isa = PBXFileReference; includeInIndex = 1; lastKnownFileType = text.xcconfig; name = "Pods-MarvelBrowser.debug.xcconfig"; path = "Pods/Target Support Files/Pods-MarvelBrowser/Pods-MarvelBrowser.debug.xcconfig"; sourceTree = "<group>"; };
		CD56F8B98AC24F6AAEC8AD93 /* Pods-MarvelBrowserTests.release.xcconfig */ = {isa = PBXFileReference; includeInIndex = 1; lastKnownFileType = text.xcconfig; name = "Pods-MarvelBrowserTests.release.xcconfig"; path = "Pods/Target Support Files/Pods-MarvelBrowserTests/Pods-MarvelBrowserTests.release.xcconfig"; sourceTree = "<group>"; };
		EDD7434B481BA6361B333816 /* Pods-MarvelBrowserTests.debug.xcconfig */ = {isa = PBXFileReference; includeInIndex = 1; lastKnownFileType = text.xcconfig; name = "Pods-MarvelBrowserTests.debug.xcconfig"; path = "Pods/Target Support Files/Pods-MarvelBrowserTests/Pods-MarvelBrowserTests.debug.xcconfig"; sourceTree = "<group>"; };
/* End PBXFileReference section */

/* Begin PBXFrameworksBuildPhase section */
		B669CC231F0F9E3B00B80B93 /* Frameworks */ = {
			isa = PBXFrameworksBuildPhase;
			buildActionMask = 2147483647;
			files = (
				182F63A92AE48B945B8D4C2F /* Pods_MarvelBrowser.framework in Frameworks */,
			);
			runOnlyForDeploymentPostprocessing = 0;
		};
		B669CC321F0F9E3B00B80B93 /* Frameworks */ = {
			isa = PBXFrameworksBuildPhase;
			buildActionMask = 2147483647;
			files = (
				91CA41ACF8B7EA7C77DC9952 /* Pods_MarvelBrowserTests.framework in Frameworks */,
			);
			runOnlyForDeploymentPostprocessing = 0;
		};
/* End PBXFrameworksBuildPhase section */

/* Begin PBXGroup section */
		328FE1C02C41485EFFC3D6D5 /* Frameworks */ = {
			isa = PBXGroup;
			children = (
				72E266D548679F71FCDDCCC8 /* Pods_MarvelBrowser.framework */,
				C187F2176669A40086A71441 /* Pods_MarvelBrowserTests.framework */,
			);
			name = Frameworks;
			sourceTree = "<group>";
		};
		B669CC1D1F0F9E3B00B80B93 = {
			isa = PBXGroup;
			children = (
				B6A6B7F31F1270B1009267EB /* Config.swift */,
				328FE1C02C41485EFFC3D6D5 /* Frameworks */,
				B669CC281F0F9E3B00B80B93 /* MarvelBrowser */,
				B669CC381F0F9E3B00B80B93 /* MarvelBrowserTests */,
				FCF048BF880D39050057156D /* Pods */,
				B669CC271F0F9E3B00B80B93 /* Products */,
			);
			sourceTree = "<group>";
		};
		B669CC271F0F9E3B00B80B93 /* Products */ = {
			isa = PBXGroup;
			children = (
				B669CC261F0F9E3B00B80B93 /* MarvelBrowser.app */,
				B669CC351F0F9E3B00B80B93 /* MarvelBrowserTests.xctest */,
			);
			name = Products;
			sourceTree = "<group>";
		};
		B669CC281F0F9E3B00B80B93 /* MarvelBrowser */ = {
			isa = PBXGroup;
			children = (
				B6F38CEE1F10D625000A5BA8 /* Common */,
				B6A6B7FE1F128993009267EB /* Helpers */,
				B6F38CF91F10D7A0000A5BA8 /* Image */,
				B6A6B7FD1F128931009267EB /* MarvelCharacters/Model */,
				B6A6B7FC1F1288EF009267EB /* MarvelCharacters/UI */,
				B6E0F4AF1F142382008771D2 /* Resources */,
			);
			path = MarvelBrowser;
			sourceTree = "<group>";
		};
		B669CC381F0F9E3B00B80B93 /* MarvelBrowserTests */ = {
			isa = PBXGroup;
			children = (
				B669CC391F0F9E3B00B80B93 /* Info.plist */,
				B6A6B7E61F126097009267EB /* Common */,
				B6F38CEF1F10D660000A5BA8 /* Helpers */,
				B6F38CFB1F10D7CA000A5BA8 /* Image */,
				B6F38CFA1F10D7BF000A5BA8 /* MarvelCharacters */,
				B6A6B7FF1F128AF5009267EB /* MarvelCharacters/SnapshotTests */,
				B6BC4AA91F105013000AD03E /* Test Data */,
			);
			path = MarvelBrowserTests;
			sourceTree = "<group>";
		};
		B6A6B7E61F126097009267EB /* Common */ = {
			isa = PBXGroup;
			children = (
				B6A6B80E1F13F6C2009267EB /* LoadingErrorViewSnapshotTests.swift */,
				B6A6B7EB1F126A24009267EB /* MarvelRequestFactoryTests.swift */,
				B6A6B7E71F1260B1009267EB /* StringMD5Tests.swift */,
			);
			name = Common;
			sourceTree = "<group>";
		};
		B6A6B7FC1F1288EF009267EB /* MarvelCharacters/UI */ = {
			isa = PBXGroup;
			children = (
				B67663BF1F157A6A00999726 /* DiffedList.swift */,
				B6F38D041F10EE6F000A5BA8 /* MarvelCharactersAdapter.swift */,
				B6A6B7F81F127FBC009267EB /* MarvelCharactersListItem.swift */,
				B6F38D0A1F10F6B2000A5BA8 /* MarvelCharactersListView.swift */,
				B6F38D0E1F1156E2000A5BA8 /* MarvelCharactersListViewController.swift */,
				B6E0F4AD1F141EDE008771D2 /* MarvelCharactersListViewNavigator.swift */,
				B6F38CFC1F10D7E9000A5BA8 /* MarvelCharacterView.swift */,
			);
			name = MarvelCharacters/UI;
			sourceTree = "<group>";
		};
		B6A6B7FD1F128931009267EB /* MarvelCharacters/Model */ = {
			isa = PBXGroup;
			children = (
				B669CC461F103C1600B80B93 /* MarvelCharacter.swift */,
				B6C0DFC51F12456A00647411 /* MarvelCharactersDataSource.swift */,
				B6A6B8031F12D5DE009267EB /* MarvelCharactersCachingDataSource.swift */,
				B6C0DFC11F123DAB00647411 /* MarvelCharactersList.swift */,
				B6BC4AA51F104E20000AD03E /* MarvelCharactersResponse.swift */,
				B6C0DFBB1F12293500647411 /* MarvelCharactersUseCase.swift */,
			);
			name = MarvelCharacters/Model;
			sourceTree = "<group>";
		};
		B6A6B7FE1F128993009267EB /* Helpers */ = {
			isa = PBXGroup;
			children = (
				B6A6B8121F140935009267EB /* CGFloat+LayoutConstants.swift */,
				B6A6B7EE1F126F8C009267EB /* Data+ToJSON.swift */,
				B6A6B7E41F126050009267EB /* String+MD5Hash.swift */,
				B6A6B80C1F13F5E0009267EB /* UIColor+AppColors.swift */,
				B6F38D061F10EED6000A5BA8 /* UITableView+DequeueAndRegister.swift */,
				B6BC4AAA1F105067000AD03E /* Unboxer+JSONInitExtension.swift */,
				B6C0DFB91F12251C00647411 /* UnitTestEnvironment.swift */,
			);
			name = Helpers;
			sourceTree = "<group>";
		};
		B6A6B7FF1F128AF5009267EB /* MarvelCharacters/SnapshotTests */ = {
			isa = PBXGroup;
			children = (
				B6F38D0C1F11477A000A5BA8 /* MarvelCharactersListViewSnapshotTests.swift */,
				B6F38D001F10D96D000A5BA8 /* MarvelCharacterViewSnapshotTests.swift */,
			);
			name = MarvelCharacters/SnapshotTests;
			sourceTree = "<group>";
		};
		B6BC4AA91F105013000AD03E /* Test Data */ = {
			isa = PBXGroup;
			children = (
				B6F38CEA1F10D22B000A5BA8 /* aim.jpg */,
				B669CC4E1F1044B800B80B93 /* character.json */,
				B6BC4AA71F104EBC000AD03E /* charactersResponse.json */,
				B669CC4A1F103D5500B80B93 /* imageAsset.json */,
			);
			name = "Test Data";
			sourceTree = "<group>";
		};
		B6E0F4AF1F142382008771D2 /* Resources */ = {
			isa = PBXGroup;
			children = (
				B6E0F4B51F142A43008771D2 /* L10n.swift */,
				B6E0F4B61F142A43008771D2 /* Assets.swift */,
				B6C0DFC91F12589400647411 /* Bridging-Header.h */,
				B669CC301F0F9E3B00B80B93 /* Info.plist */,
				B669CC2B1F0F9E3B00B80B93 /* Assets.xcassets */,
				B669CC2D1F0F9E3B00B80B93 /* LaunchScreen.storyboard */,
				B6E0F4B21F1428A1008771D2 /* Localizable.strings */,
			);
			name = Resources;
			sourceTree = "<group>";
		};
		B6F38CEE1F10D625000A5BA8 /* Common */ = {
			isa = PBXGroup;
			children = (
				B669CC291F0F9E3B00B80B93 /* AppDelegate.swift */,
				B6C0DFBF1F122C6F00647411 /* LoadingMoreView.swift */,
				B6A6B80A1F13F367009267EB /* LoadingErrorView.swift */,
				B6A6B7E91F126786009267EB /* MarvelRequestFactory.swift */,
			);
			name = Common;
			sourceTree = "<group>";
		};
		B6F38CEF1F10D660000A5BA8 /* Helpers */ = {
			isa = PBXGroup;
			children = (
				B6F38CE41F10D12A000A5BA8 /* MockImageService.swift */,
				B6F38D021F10ED52000A5BA8 /* RecordSnapshots.swift */,
				B669CC4C1F103DDC00B80B93 /* XCTestCase+LoadExtension.swift */,
				B6A6B8101F13FC7E009267EB /* MarvelCharactersList+EasyInit.swift */,
			);
			name = Helpers;
			sourceTree = "<group>";
		};
		B6F38CF91F10D7A0000A5BA8 /* Image */ = {
			isa = PBXGroup;
			children = (
				B669CC441F103BDD00B80B93 /* ImageAsset.swift */,
				B6F38CE61F10D161000A5BA8 /* ImageService.swift */,
				B6F38CEC1F10D237000A5BA8 /* URLImageView.swift */,
			);
			name = Image;
			sourceTree = "<group>";
		};
		B6F38CFA1F10D7BF000A5BA8 /* MarvelCharacters */ = {
			isa = PBXGroup;
			children = (
				B669CC501F1045A900B80B93 /* MarvelCharacterJSONParsingTest.swift */,
				B6F38D081F10F221000A5BA8 /* MarvelCharactersAdapterTests.swift */,
				B6BC4AA31F104DED000AD03E /* MarvelCharactersResponseJSONParsingTests.swift */,
				B6C0DFC71F1246A800647411 /* MarvelCharactersUseCaseTests.swift */,
				B6A6B8061F13DB35009267EB /* MarvelCharactersListViewTests.swift */,
			);
			name = MarvelCharacters;
			sourceTree = "<group>";
		};
		B6F38CFB1F10D7CA000A5BA8 /* Image */ = {
			isa = PBXGroup;
			children = (
				B669CC481F103D2400B80B93 /* ImageAssetJSONParsingTests.swift */,
				B6F38CE81F10D223000A5BA8 /* URLImageViewSnapshotTests.swift */,
			);
			name = Image;
			sourceTree = "<group>";
		};
		FCF048BF880D39050057156D /* Pods */ = {
			isa = PBXGroup;
			children = (
				C2A325ABC4CB2AF9206AA431 /* Pods-MarvelBrowser.debug.xcconfig */,
				9E4463C9D695E7B7DA41FF5E /* Pods-MarvelBrowser.release.xcconfig */,
				EDD7434B481BA6361B333816 /* Pods-MarvelBrowserTests.debug.xcconfig */,
				CD56F8B98AC24F6AAEC8AD93 /* Pods-MarvelBrowserTests.release.xcconfig */,
			);
			name = Pods;
			sourceTree = "<group>";
		};
/* End PBXGroup section */

/* Begin PBXNativeTarget section */
		B669CC251F0F9E3B00B80B93 /* MarvelBrowser */ = {
			isa = PBXNativeTarget;
			buildConfigurationList = B669CC3C1F0F9E3B00B80B93 /* Build configuration list for PBXNativeTarget "MarvelBrowser" */;
			buildPhases = (
				F1B91F263ABBE424CF7467B5 /* [CP] Check Pods Manifest.lock */,
				B6E0F4B41F1429B9008771D2 /* SwiftGen Script */,
				B669CC221F0F9E3B00B80B93 /* Sources */,
				B669CC231F0F9E3B00B80B93 /* Frameworks */,
				B669CC241F0F9E3B00B80B93 /* Resources */,
				DDFD1992A6AC81BE81A83DDC /* [CP] Embed Pods Frameworks */,
				A2490454B34D050C95E5F052 /* [CP] Copy Pods Resources */,
			);
			buildRules = (
			);
			dependencies = (
			);
			name = MarvelBrowser;
			productName = MarvelBrowser;
			productReference = B669CC261F0F9E3B00B80B93 /* MarvelBrowser.app */;
			productType = "com.apple.product-type.application";
		};
		B669CC341F0F9E3B00B80B93 /* MarvelBrowserTests */ = {
			isa = PBXNativeTarget;
			buildConfigurationList = B669CC3F1F0F9E3B00B80B93 /* Build configuration list for PBXNativeTarget "MarvelBrowserTests" */;
			buildPhases = (
				9610C4B89FC97C54352F9A8C /* [CP] Check Pods Manifest.lock */,
				B669CC311F0F9E3B00B80B93 /* Sources */,
				B669CC321F0F9E3B00B80B93 /* Frameworks */,
				B669CC331F0F9E3B00B80B93 /* Resources */,
				EF2F7A40D380C68A58DD769F /* [CP] Embed Pods Frameworks */,
				C3F769FD369F66E87DA51FCB /* [CP] Copy Pods Resources */,
			);
			buildRules = (
			);
			dependencies = (
				B669CC371F0F9E3B00B80B93 /* PBXTargetDependency */,
			);
			name = MarvelBrowserTests;
			productName = MarvelBrowserTests;
			productReference = B669CC351F0F9E3B00B80B93 /* MarvelBrowserTests.xctest */;
			productType = "com.apple.product-type.bundle.unit-test";
		};
/* End PBXNativeTarget section */

/* Begin PBXProject section */
		B669CC1E1F0F9E3B00B80B93 /* Project object */ = {
			isa = PBXProject;
			attributes = {
				LastSwiftUpdateCheck = 0830;
				LastUpgradeCheck = 0830;
				ORGANIZATIONNAME = "Dominic Freeston";
				TargetAttributes = {
					B669CC251F0F9E3B00B80B93 = {
						CreatedOnToolsVersion = 8.3.3;
						DevelopmentTeam = V876XMB92U;
						ProvisioningStyle = Automatic;
					};
					B669CC341F0F9E3B00B80B93 = {
						CreatedOnToolsVersion = 8.3.3;
						LastSwiftMigration = 0830;
						ProvisioningStyle = Automatic;
						TestTargetID = B669CC251F0F9E3B00B80B93;
					};
				};
			};
			buildConfigurationList = B669CC211F0F9E3B00B80B93 /* Build configuration list for PBXProject "MarvelBrowser" */;
			compatibilityVersion = "Xcode 3.2";
			developmentRegion = English;
			hasScannedForEncodings = 0;
			knownRegions = (
				en,
				Base,
			);
			mainGroup = B669CC1D1F0F9E3B00B80B93;
			productRefGroup = B669CC271F0F9E3B00B80B93 /* Products */;
			projectDirPath = "";
			projectRoot = "";
			targets = (
				B669CC251F0F9E3B00B80B93 /* MarvelBrowser */,
				B669CC341F0F9E3B00B80B93 /* MarvelBrowserTests */,
			);
		};
/* End PBXProject section */

/* Begin PBXResourcesBuildPhase section */
		B669CC241F0F9E3B00B80B93 /* Resources */ = {
			isa = PBXResourcesBuildPhase;
			buildActionMask = 2147483647;
			files = (
				B6E0F4B31F1428A1008771D2 /* Localizable.strings in Resources */,
				B669CC2C1F0F9E3B00B80B93 /* Assets.xcassets in Resources */,
				B6F38D121F115A72000A5BA8 /* charactersResponse.json in Resources */,
				B669CC2F1F0F9E3B00B80B93 /* LaunchScreen.storyboard in Resources */,
			);
			runOnlyForDeploymentPostprocessing = 0;
		};
		B669CC331F0F9E3B00B80B93 /* Resources */ = {
			isa = PBXResourcesBuildPhase;
			buildActionMask = 2147483647;
			files = (
				B669CC4B1F103D5500B80B93 /* imageAsset.json in Resources */,
				B6F38CEB1F10D22B000A5BA8 /* aim.jpg in Resources */,
				B6BC4AA81F104EBC000AD03E /* charactersResponse.json in Resources */,
				B669CC4F1F1044B800B80B93 /* character.json in Resources */,
			);
			runOnlyForDeploymentPostprocessing = 0;
		};
/* End PBXResourcesBuildPhase section */

/* Begin PBXShellScriptBuildPhase section */
		9610C4B89FC97C54352F9A8C /* [CP] Check Pods Manifest.lock */ = {
			isa = PBXShellScriptBuildPhase;
			buildActionMask = 2147483647;
			files = (
			);
			inputPaths = (
			);
			name = "[CP] Check Pods Manifest.lock";
			outputPaths = (
			);
			runOnlyForDeploymentPostprocessing = 0;
			shellPath = /bin/sh;
			shellScript = "diff \"${PODS_PODFILE_DIR_PATH}/Podfile.lock\" \"${PODS_ROOT}/Manifest.lock\" > /dev/null\nif [ $? != 0 ] ; then\n    # print error to STDERR\n    echo \"error: The sandbox is not in sync with the Podfile.lock. Run 'pod install' or update your CocoaPods installation.\" >&2\n    exit 1\nfi\n";
			showEnvVarsInLog = 0;
		};
		A2490454B34D050C95E5F052 /* [CP] Copy Pods Resources */ = {
			isa = PBXShellScriptBuildPhase;
			buildActionMask = 2147483647;
			files = (
			);
			inputPaths = (
			);
			name = "[CP] Copy Pods Resources";
			outputPaths = (
			);
			runOnlyForDeploymentPostprocessing = 0;
			shellPath = /bin/sh;
			shellScript = "\"${SRCROOT}/Pods/Target Support Files/Pods-MarvelBrowser/Pods-MarvelBrowser-resources.sh\"\n";
			showEnvVarsInLog = 0;
		};
		B6E0F4B41F1429B9008771D2 /* SwiftGen Script */ = {
			isa = PBXShellScriptBuildPhase;
			buildActionMask = 2147483647;
			files = (
			);
			inputPaths = (
			);
			name = "SwiftGen Script";
			outputPaths = (
			);
			runOnlyForDeploymentPostprocessing = 0;
			shellPath = /bin/sh;
			shellScript = "RSROOT=$SRCROOT/MarvelBrowser\n\n\"$PODS_ROOT/SwiftGen/bin/swiftgen\" \\\nimages -t swift3 \"$RSROOT/Assets.xcassets\" \\\n--output \"$RSROOT/Assets.swift\"\n\n\"$PODS_ROOT/SwiftGen/bin/swiftgen\" \\\nstrings -t dot-syntax-swift3 \"$RSROOT/Localizable.strings\" \\\n--output \"$RSROOT/L10n.swift\"";
		};
		C3F769FD369F66E87DA51FCB /* [CP] Copy Pods Resources */ = {
			isa = PBXShellScriptBuildPhase;
			buildActionMask = 2147483647;
			files = (
			);
			inputPaths = (
			);
			name = "[CP] Copy Pods Resources";
			outputPaths = (
			);
			runOnlyForDeploymentPostprocessing = 0;
			shellPath = /bin/sh;
			shellScript = "\"${SRCROOT}/Pods/Target Support Files/Pods-MarvelBrowserTests/Pods-MarvelBrowserTests-resources.sh\"\n";
			showEnvVarsInLog = 0;
		};
		DDFD1992A6AC81BE81A83DDC /* [CP] Embed Pods Frameworks */ = {
			isa = PBXShellScriptBuildPhase;
			buildActionMask = 2147483647;
			files = (
			);
			inputPaths = (
			);
			name = "[CP] Embed Pods Frameworks";
			outputPaths = (
			);
			runOnlyForDeploymentPostprocessing = 0;
			shellPath = /bin/sh;
			shellScript = "\"${SRCROOT}/Pods/Target Support Files/Pods-MarvelBrowser/Pods-MarvelBrowser-frameworks.sh\"\n";
			showEnvVarsInLog = 0;
		};
		EF2F7A40D380C68A58DD769F /* [CP] Embed Pods Frameworks */ = {
			isa = PBXShellScriptBuildPhase;
			buildActionMask = 2147483647;
			files = (
			);
			inputPaths = (
			);
			name = "[CP] Embed Pods Frameworks";
			outputPaths = (
			);
			runOnlyForDeploymentPostprocessing = 0;
			shellPath = /bin/sh;
			shellScript = "\"${SRCROOT}/Pods/Target Support Files/Pods-MarvelBrowserTests/Pods-MarvelBrowserTests-frameworks.sh\"\n";
			showEnvVarsInLog = 0;
		};
		F1B91F263ABBE424CF7467B5 /* [CP] Check Pods Manifest.lock */ = {
			isa = PBXShellScriptBuildPhase;
			buildActionMask = 2147483647;
			files = (
			);
			inputPaths = (
			);
			name = "[CP] Check Pods Manifest.lock";
			outputPaths = (
			);
			runOnlyForDeploymentPostprocessing = 0;
			shellPath = /bin/sh;
			shellScript = "diff \"${PODS_PODFILE_DIR_PATH}/Podfile.lock\" \"${PODS_ROOT}/Manifest.lock\" > /dev/null\nif [ $? != 0 ] ; then\n    # print error to STDERR\n    echo \"error: The sandbox is not in sync with the Podfile.lock. Run 'pod install' or update your CocoaPods installation.\" >&2\n    exit 1\nfi\n";
			showEnvVarsInLog = 0;
		};
/* End PBXShellScriptBuildPhase section */

/* Begin PBXSourcesBuildPhase section */
		B669CC221F0F9E3B00B80B93 /* Sources */ = {
			isa = PBXSourcesBuildPhase;
			buildActionMask = 2147483647;
			files = (
				B6F38CED1F10D237000A5BA8 /* URLImageView.swift in Sources */,
				B6A6B80D1F13F5E0009267EB /* UIColor+AppColors.swift in Sources */,
				B6A6B8131F140935009267EB /* CGFloat+LayoutConstants.swift in Sources */,
				B6C0DFC61F12456A00647411 /* MarvelCharactersDataSource.swift in Sources */,
				B6E0F4B71F142A43008771D2 /* L10n.swift in Sources */,
				B6E0F4AE1F141EDE008771D2 /* MarvelCharactersListViewNavigator.swift in Sources */,
				B669CC471F103C1600B80B93 /* MarvelCharacter.swift in Sources */,
				B669CC451F103BDD00B80B93 /* ImageAsset.swift in Sources */,
				B6C0DFC01F122C6F00647411 /* LoadingMoreView.swift in Sources */,
				B6C0DFBA1F12251C00647411 /* UnitTestEnvironment.swift in Sources */,
				B6F38D071F10EED6000A5BA8 /* UITableView+DequeueAndRegister.swift in Sources */,
				B6E0F4B81F142A43008771D2 /* Assets.swift in Sources */,
				B6F38D051F10EE6F000A5BA8 /* MarvelCharactersAdapter.swift in Sources */,
				B6A6B7EA1F126786009267EB /* MarvelRequestFactory.swift in Sources */,
				B6A6B8041F12D5DE009267EB /* MarvelCharactersCachingDataSource.swift in Sources */,
				B67663C01F157A6A00999726 /* DiffedList.swift in Sources */,
				B6C0DFBC1F12293500647411 /* MarvelCharactersUseCase.swift in Sources */,
				B6C0DFC21F123DAB00647411 /* MarvelCharactersList.swift in Sources */,
				B6F38D0F1F1156E2000A5BA8 /* MarvelCharactersListViewController.swift in Sources */,
				B6F38CFD1F10D7E9000A5BA8 /* MarvelCharacterView.swift in Sources */,
				B6A6B7F91F127FBC009267EB /* MarvelCharactersListItem.swift in Sources */,
				B6BC4AAB1F105067000AD03E /* Unboxer+JSONInitExtension.swift in Sources */,
				B6A6B7E51F126050009267EB /* String+MD5Hash.swift in Sources */,
				B6BC4AA61F104E20000AD03E /* MarvelCharactersResponse.swift in Sources */,
				B669CC2A1F0F9E3B00B80B93 /* AppDelegate.swift in Sources */,
				B6A6B7F41F1270B1009267EB /* Config.swift in Sources */,
				B6A6B80B1F13F367009267EB /* LoadingErrorView.swift in Sources */,
				B6F38D0B1F10F6B2000A5BA8 /* MarvelCharactersListView.swift in Sources */,
				B6A6B7EF1F126F8C009267EB /* Data+ToJSON.swift in Sources */,
				B6F38CE71F10D161000A5BA8 /* ImageService.swift in Sources */,
			);
			runOnlyForDeploymentPostprocessing = 0;
		};
		B669CC311F0F9E3B00B80B93 /* Sources */ = {
			isa = PBXSourcesBuildPhase;
			buildActionMask = 2147483647;
			files = (
				B6F38D091F10F221000A5BA8 /* MarvelCharactersAdapterTests.swift in Sources */,
				B6F38D0D1F11477A000A5BA8 /* MarvelCharactersListViewSnapshotTests.swift in Sources */,
				B6A6B8111F13FC7E009267EB /* MarvelCharactersList+EasyInit.swift in Sources */,
				B669CC4D1F103DDC00B80B93 /* XCTestCase+LoadExtension.swift in Sources */,
				B669CC491F103D2400B80B93 /* ImageAssetJSONParsingTests.swift in Sources */,
				B6F38D011F10D96D000A5BA8 /* MarvelCharacterViewSnapshotTests.swift in Sources */,
				B6A6B80F1F13F6C2009267EB /* LoadingErrorViewSnapshotTests.swift in Sources */,
				B6C0DFC81F1246A800647411 /* MarvelCharactersUseCaseTests.swift in Sources */,
				B6F38D031F10ED52000A5BA8 /* RecordSnapshots.swift in Sources */,
				B6A6B8071F13DB35009267EB /* MarvelCharactersListViewTests.swift in Sources */,
				B669CC511F1045A900B80B93 /* MarvelCharacterJSONParsingTest.swift in Sources */,
				B6BC4AA41F104DED000AD03E /* MarvelCharactersResponseJSONParsingTests.swift in Sources */,
				B6F38CE91F10D223000A5BA8 /* URLImageViewSnapshotTests.swift in Sources */,
				B6F38CE51F10D12A000A5BA8 /* MockImageService.swift in Sources */,
				B6A6B7EC1F126A24009267EB /* MarvelRequestFactoryTests.swift in Sources */,
				B6A6B7E81F1260B1009267EB /* StringMD5Tests.swift in Sources */,
			);
			runOnlyForDeploymentPostprocessing = 0;
		};
/* End PBXSourcesBuildPhase section */

/* Begin PBXTargetDependency section */
		B669CC371F0F9E3B00B80B93 /* PBXTargetDependency */ = {
			isa = PBXTargetDependency;
			target = B669CC251F0F9E3B00B80B93 /* MarvelBrowser */;
			targetProxy = B669CC361F0F9E3B00B80B93 /* PBXContainerItemProxy */;
		};
/* End PBXTargetDependency section */

/* Begin PBXVariantGroup section */
		B669CC2D1F0F9E3B00B80B93 /* LaunchScreen.storyboard */ = {
			isa = PBXVariantGroup;
			children = (
				B669CC2E1F0F9E3B00B80B93 /* Base */,
			);
			name = LaunchScreen.storyboard;
			sourceTree = "<group>";
		};
/* End PBXVariantGroup section */

/* Begin XCBuildConfiguration section */
		B669CC3A1F0F9E3B00B80B93 /* Debug */ = {
			isa = XCBuildConfiguration;
			buildSettings = {
				ALWAYS_SEARCH_USER_PATHS = NO;
				CLANG_ANALYZER_NONNULL = YES;
				CLANG_ANALYZER_NUMBER_OBJECT_CONVERSION = YES_AGGRESSIVE;
				CLANG_CXX_LANGUAGE_STANDARD = "gnu++0x";
				CLANG_CXX_LIBRARY = "libc++";
				CLANG_ENABLE_MODULES = YES;
				CLANG_ENABLE_OBJC_ARC = YES;
				CLANG_WARN_BOOL_CONVERSION = YES;
				CLANG_WARN_CONSTANT_CONVERSION = YES;
				CLANG_WARN_DIRECT_OBJC_ISA_USAGE = YES_ERROR;
				CLANG_WARN_DOCUMENTATION_COMMENTS = YES;
				CLANG_WARN_EMPTY_BODY = YES;
				CLANG_WARN_ENUM_CONVERSION = YES;
				CLANG_WARN_INFINITE_RECURSION = YES;
				CLANG_WARN_INT_CONVERSION = YES;
				CLANG_WARN_OBJC_ROOT_CLASS = YES_ERROR;
				CLANG_WARN_SUSPICIOUS_MOVE = YES;
				CLANG_WARN_UNREACHABLE_CODE = YES;
				CLANG_WARN__DUPLICATE_METHOD_MATCH = YES;
				"CODE_SIGN_IDENTITY[sdk=iphoneos*]" = "iPhone Developer";
				COPY_PHASE_STRIP = NO;
				DEBUG_INFORMATION_FORMAT = dwarf;
				ENABLE_STRICT_OBJC_MSGSEND = YES;
				ENABLE_TESTABILITY = YES;
				GCC_C_LANGUAGE_STANDARD = gnu99;
				GCC_DYNAMIC_NO_PIC = NO;
				GCC_NO_COMMON_BLOCKS = YES;
				GCC_OPTIMIZATION_LEVEL = 0;
				GCC_PREPROCESSOR_DEFINITIONS = (
					"DEBUG=1",
					"$(inherited)",
				);
				GCC_WARN_64_TO_32_BIT_CONVERSION = YES;
				GCC_WARN_ABOUT_RETURN_TYPE = YES_ERROR;
				GCC_WARN_UNDECLARED_SELECTOR = YES;
				GCC_WARN_UNINITIALIZED_AUTOS = YES_AGGRESSIVE;
				GCC_WARN_UNUSED_FUNCTION = YES;
				GCC_WARN_UNUSED_VARIABLE = YES;
				IPHONEOS_DEPLOYMENT_TARGET = 10.0;
				MTL_ENABLE_DEBUG_INFO = YES;
				ONLY_ACTIVE_ARCH = YES;
				SDKROOT = iphoneos;
				SWIFT_ACTIVE_COMPILATION_CONDITIONS = DEBUG;
				SWIFT_OPTIMIZATION_LEVEL = "-Onone";
			};
			name = Debug;
		};
		B669CC3B1F0F9E3B00B80B93 /* Release */ = {
			isa = XCBuildConfiguration;
			buildSettings = {
				ALWAYS_SEARCH_USER_PATHS = NO;
				CLANG_ANALYZER_NONNULL = YES;
				CLANG_ANALYZER_NUMBER_OBJECT_CONVERSION = YES_AGGRESSIVE;
				CLANG_CXX_LANGUAGE_STANDARD = "gnu++0x";
				CLANG_CXX_LIBRARY = "libc++";
				CLANG_ENABLE_MODULES = YES;
				CLANG_ENABLE_OBJC_ARC = YES;
				CLANG_WARN_BOOL_CONVERSION = YES;
				CLANG_WARN_CONSTANT_CONVERSION = YES;
				CLANG_WARN_DIRECT_OBJC_ISA_USAGE = YES_ERROR;
				CLANG_WARN_DOCUMENTATION_COMMENTS = YES;
				CLANG_WARN_EMPTY_BODY = YES;
				CLANG_WARN_ENUM_CONVERSION = YES;
				CLANG_WARN_INFINITE_RECURSION = YES;
				CLANG_WARN_INT_CONVERSION = YES;
				CLANG_WARN_OBJC_ROOT_CLASS = YES_ERROR;
				CLANG_WARN_SUSPICIOUS_MOVE = YES;
				CLANG_WARN_UNREACHABLE_CODE = YES;
				CLANG_WARN__DUPLICATE_METHOD_MATCH = YES;
				"CODE_SIGN_IDENTITY[sdk=iphoneos*]" = "iPhone Developer";
				COPY_PHASE_STRIP = NO;
				DEBUG_INFORMATION_FORMAT = "dwarf-with-dsym";
				ENABLE_NS_ASSERTIONS = NO;
				ENABLE_STRICT_OBJC_MSGSEND = YES;
				GCC_C_LANGUAGE_STANDARD = gnu99;
				GCC_NO_COMMON_BLOCKS = YES;
				GCC_WARN_64_TO_32_BIT_CONVERSION = YES;
				GCC_WARN_ABOUT_RETURN_TYPE = YES_ERROR;
				GCC_WARN_UNDECLARED_SELECTOR = YES;
				GCC_WARN_UNINITIALIZED_AUTOS = YES_AGGRESSIVE;
				GCC_WARN_UNUSED_FUNCTION = YES;
				GCC_WARN_UNUSED_VARIABLE = YES;
				IPHONEOS_DEPLOYMENT_TARGET = 10.0;
				MTL_ENABLE_DEBUG_INFO = NO;
				SDKROOT = iphoneos;
				SWIFT_OPTIMIZATION_LEVEL = "-Owholemodule";
				VALIDATE_PRODUCT = YES;
			};
			name = Release;
		};
		B669CC3D1F0F9E3B00B80B93 /* Debug */ = {
			isa = XCBuildConfiguration;
			baseConfigurationReference = C2A325ABC4CB2AF9206AA431 /* Pods-MarvelBrowser.debug.xcconfig */;
			buildSettings = {
				ASSETCATALOG_COMPILER_APPICON_NAME = AppIcon;
				DEVELOPMENT_TEAM = V876XMB92U;
				INFOPLIST_FILE = MarvelBrowser/Info.plist;
				LD_RUNPATH_SEARCH_PATHS = "$(inherited) @executable_path/Frameworks";
				PRODUCT_BUNDLE_IDENTIFIER = me.freeston.MarvelBrowser;
				PRODUCT_NAME = "$(TARGET_NAME)";
				SWIFT_OBJC_BRIDGING_HEADER = "MarvelBrowser/Bridging-Header.h";
				SWIFT_VERSION = 3.0;
			};
			name = Debug;
		};
		B669CC3E1F0F9E3B00B80B93 /* Release */ = {
			isa = XCBuildConfiguration;
			baseConfigurationReference = 9E4463C9D695E7B7DA41FF5E /* Pods-MarvelBrowser.release.xcconfig */;
			buildSettings = {
				ASSETCATALOG_COMPILER_APPICON_NAME = AppIcon;
				DEVELOPMENT_TEAM = V876XMB92U;
				INFOPLIST_FILE = MarvelBrowser/Info.plist;
				LD_RUNPATH_SEARCH_PATHS = "$(inherited) @executable_path/Frameworks";
				PRODUCT_BUNDLE_IDENTIFIER = me.freeston.MarvelBrowser;
				PRODUCT_NAME = "$(TARGET_NAME)";
				SWIFT_OBJC_BRIDGING_HEADER = "MarvelBrowser/Bridging-Header.h";
				SWIFT_VERSION = 3.0;
			};
			name = Release;
		};
		B669CC401F0F9E3B00B80B93 /* Debug */ = {
			isa = XCBuildConfiguration;
			baseConfigurationReference = EDD7434B481BA6361B333816 /* Pods-MarvelBrowserTests.debug.xcconfig */;
			buildSettings = {
				BUNDLE_LOADER = "$(TEST_HOST)";
				CLANG_ENABLE_MODULES = YES;
				INFOPLIST_FILE = MarvelBrowserTests/Info.plist;
				LD_RUNPATH_SEARCH_PATHS = "$(inherited) @executable_path/Frameworks @loader_path/Frameworks";
				PRODUCT_BUNDLE_IDENTIFIER = me.freeston.MarvelBrowserTests;
				PRODUCT_NAME = "$(TARGET_NAME)";
				SWIFT_OPTIMIZATION_LEVEL = "-Onone";
				SWIFT_VERSION = 3.0;
				TEST_HOST = "$(BUILT_PRODUCTS_DIR)/MarvelBrowser.app/MarvelBrowser";
			};
			name = Debug;
		};
		B669CC411F0F9E3B00B80B93 /* Release */ = {
			isa = XCBuildConfiguration;
			baseConfigurationReference = CD56F8B98AC24F6AAEC8AD93 /* Pods-MarvelBrowserTests.release.xcconfig */;
			buildSettings = {
				BUNDLE_LOADER = "$(TEST_HOST)";
				CLANG_ENABLE_MODULES = YES;
				INFOPLIST_FILE = MarvelBrowserTests/Info.plist;
				LD_RUNPATH_SEARCH_PATHS = "$(inherited) @executable_path/Frameworks @loader_path/Frameworks";
				PRODUCT_BUNDLE_IDENTIFIER = me.freeston.MarvelBrowserTests;
				PRODUCT_NAME = "$(TARGET_NAME)";
				SWIFT_VERSION = 3.0;
				TEST_HOST = "$(BUILT_PRODUCTS_DIR)/MarvelBrowser.app/MarvelBrowser";
			};
			name = Release;
		};
/* End XCBuildConfiguration section */

/* Begin XCConfigurationList section */
		B669CC211F0F9E3B00B80B93 /* Build configuration list for PBXProject "MarvelBrowser" */ = {
			isa = XCConfigurationList;
			buildConfigurations = (
				B669CC3A1F0F9E3B00B80B93 /* Debug */,
				B669CC3B1F0F9E3B00B80B93 /* Release */,
			);
			defaultConfigurationIsVisible = 0;
			defaultConfigurationName = Release;
		};
		B669CC3C1F0F9E3B00B80B93 /* Build configuration list for PBXNativeTarget "MarvelBrowser" */ = {
			isa = XCConfigurationList;
			buildConfigurations = (
				B669CC3D1F0F9E3B00B80B93 /* Debug */,
				B669CC3E1F0F9E3B00B80B93 /* Release */,
			);
			defaultConfigurationIsVisible = 0;
			defaultConfigurationName = Release;
		};
		B669CC3F1F0F9E3B00B80B93 /* Build configuration list for PBXNativeTarget "MarvelBrowserTests" */ = {
			isa = XCConfigurationList;
			buildConfigurations = (
				B669CC401F0F9E3B00B80B93 /* Debug */,
				B669CC411F0F9E3B00B80B93 /* Release */,
			);
			defaultConfigurationIsVisible = 0;
			defaultConfigurationName = Release;
		};
/* End XCConfigurationList section */
	};
	rootObject = B669CC1E1F0F9E3B00B80B93 /* Project object */;
}
